// !$*UTF8*$!
{
	archiveVersion = 1;
	classes = {
	};
	objectVersion = 46;
	objects = {

/* Begin PBXBuildFile section */
		6A1154BA1F1EEC7100EF566B /* AppDelegate.swift in Sources */ = {isa = PBXBuildFile; fileRef = 6A1154B91F1EEC7100EF566B /* AppDelegate.swift */; };
		6A1154BC1F1EEC7100EF566B /* LoginViewController.swift in Sources */ = {isa = PBXBuildFile; fileRef = 6A1154BB1F1EEC7100EF566B /* LoginViewController.swift */; };
		6A1154BF1F1EEC7100EF566B /* Main.storyboard in Resources */ = {isa = PBXBuildFile; fileRef = 6A1154BD1F1EEC7100EF566B /* Main.storyboard */; };
		6A1154C11F1EEC7100EF566B /* Assets.xcassets in Resources */ = {isa = PBXBuildFile; fileRef = 6A1154C01F1EEC7100EF566B /* Assets.xcassets */; };
		6A1154C41F1EEC7100EF566B /* LaunchScreen.storyboard in Resources */ = {isa = PBXBuildFile; fileRef = 6A1154C21F1EEC7100EF566B /* LaunchScreen.storyboard */; };
		6A1154D11F1EF41800EF566B /* CustomTextView.swift in Sources */ = {isa = PBXBuildFile; fileRef = 6A1154D01F1EF41800EF566B /* CustomTextView.swift */; };
		6A1154D31F1EF44600EF566B /* CustomButton.swift in Sources */ = {isa = PBXBuildFile; fileRef = 6A1154D21F1EF44600EF566B /* CustomButton.swift */; };
		6A1154D61F1EF69500EF566B /* CustomLabel.swift in Sources */ = {isa = PBXBuildFile; fileRef = 6A1154D51F1EF69500EF566B /* CustomLabel.swift */; };
		6A1154D81F1EFB2B00EF566B /* Jitterable.swift in Sources */ = {isa = PBXBuildFile; fileRef = 6A1154D71F1EFB2B00EF566B /* Jitterable.swift */; };
		6A1154DE1F1EFEBA00EF566B /* Flashable.swift in Sources */ = {isa = PBXBuildFile; fileRef = 6A1154DD1F1EFEBA00EF566B /* Flashable.swift */; };
/* End PBXBuildFile section */

/* Begin PBXFileReference section */
		6A1154B61F1EEC7100EF566B /* AnimationProtocols.app */ = {isa = PBXFileReference; explicitFileType = wrapper.application; includeInIndex = 0; path = AnimationProtocols.app; sourceTree = BUILT_PRODUCTS_DIR; };
		6A1154B91F1EEC7100EF566B /* AppDelegate.swift */ = {isa = PBXFileReference; lastKnownFileType = sourcecode.swift; path = AppDelegate.swift; sourceTree = "<group>"; };
		6A1154BB1F1EEC7100EF566B /* LoginViewController.swift */ = {isa = PBXFileReference; lastKnownFileType = sourcecode.swift; path = LoginViewController.swift; sourceTree = "<group>"; };
		6A1154BE1F1EEC7100EF566B /* Base */ = {isa = PBXFileReference; lastKnownFileType = file.storyboard; name = Base; path = Base.lproj/Main.storyboard; sourceTree = "<group>"; };
		6A1154C01F1EEC7100EF566B /* Assets.xcassets */ = {isa = PBXFileReference; lastKnownFileType = folder.assetcatalog; path = Assets.xcassets; sourceTree = "<group>"; };
		6A1154C31F1EEC7100EF566B /* Base */ = {isa = PBXFileReference; lastKnownFileType = file.storyboard; name = Base; path = Base.lproj/LaunchScreen.storyboard; sourceTree = "<group>"; };
		6A1154C51F1EEC7100EF566B /* Info.plist */ = {isa = PBXFileReference; lastKnownFileType = text.plist.xml; path = Info.plist; sourceTree = "<group>"; };
		6A1154D01F1EF41800EF566B /* CustomTextView.swift */ = {isa = PBXFileReference; fileEncoding = 4; lastKnownFileType = sourcecode.swift; path = CustomTextView.swift; sourceTree = "<group>"; };
		6A1154D21F1EF44600EF566B /* CustomButton.swift */ = {isa = PBXFileReference; fileEncoding = 4; lastKnownFileType = sourcecode.swift; path = CustomButton.swift; sourceTree = "<group>"; };
		6A1154D51F1EF69500EF566B /* CustomLabel.swift */ = {isa = PBXFileReference; fileEncoding = 4; lastKnownFileType = sourcecode.swift; path = CustomLabel.swift; sourceTree = "<group>"; };
		6A1154D71F1EFB2B00EF566B /* Jitterable.swift */ = {isa = PBXFileReference; fileEncoding = 4; lastKnownFileType = sourcecode.swift; path = Jitterable.swift; sourceTree = "<group>"; };
		6A1154DD1F1EFEBA00EF566B /* Flashable.swift */ = {isa = PBXFileReference; fileEncoding = 4; lastKnownFileType = sourcecode.swift; path = Flashable.swift; sourceTree = "<group>"; };
/* End PBXFileReference section */

/* Begin PBXFrameworksBuildPhase section */
		6A1154B31F1EEC7100EF566B /* Frameworks */ = {
			isa = PBXFrameworksBuildPhase;
			buildActionMask = 2147483647;
			files = (
			);
			runOnlyForDeploymentPostprocessing = 0;
		};
/* End PBXFrameworksBuildPhase section */

/* Begin PBXGroup section */
		6A1154AD1F1EEC7100EF566B = {
			isa = PBXGroup;
			children = (
				6A1154B81F1EEC7100EF566B /* AnimationProtocols */,
				6A1154B71F1EEC7100EF566B /* Products */,
			);
			sourceTree = "<group>";
		};
		6A1154B71F1EEC7100EF566B /* Products */ = {
			isa = PBXGroup;
			children = (
				6A1154B61F1EEC7100EF566B /* AnimationProtocols.app */,
			);
			name = Products;
			sourceTree = "<group>";
		};
		6A1154B81F1EEC7100EF566B /* AnimationProtocols */ = {
			isa = PBXGroup;
			children = (
				6A1154D91F1EFB3200EF566B /* Protocols */,
				6A1154CF1F1EF38400EF566B /* View */,
				6A1154D41F1EF58A00EF566B /* Controller */,
				6A1154B91F1EEC7100EF566B /* AppDelegate.swift */,
				6A1154BD1F1EEC7100EF566B /* Main.storyboard */,
				6A1154C01F1EEC7100EF566B /* Assets.xcassets */,
				6A1154C21F1EEC7100EF566B /* LaunchScreen.storyboard */,
				6A1154C51F1EEC7100EF566B /* Info.plist */,
			);
			path = AnimationProtocols;
			sourceTree = "<group>";
		};
		6A1154CF1F1EF38400EF566B /* View */ = {
			isa = PBXGroup;
			children = (
				6A1154D01F1EF41800EF566B /* CustomTextView.swift */,
				6A1154D21F1EF44600EF566B /* CustomButton.swift */,
				6A1154D51F1EF69500EF566B /* CustomLabel.swift */,
			);
			name = View;
			sourceTree = "<group>";
		};
		6A1154D41F1EF58A00EF566B /* Controller */ = {
			isa = PBXGroup;
			children = (
				6A1154BB1F1EEC7100EF566B /* LoginViewController.swift */,
			);
			name = Controller;
			sourceTree = "<group>";
		};
		6A1154D91F1EFB3200EF566B /* Protocols */ = {
			isa = PBXGroup;
			children = (
				6A1154D71F1EFB2B00EF566B /* Jitterable.swift */,
				6A1154DD1F1EFEBA00EF566B /* Flashable.swift */,
			);
			name = Protocols;
			sourceTree = "<group>";
		};
/* End PBXGroup section */

/* Begin PBXNativeTarget section */
		6A1154B51F1EEC7100EF566B /* AnimationProtocols */ = {
			isa = PBXNativeTarget;
			buildConfigurationList = 6A1154C81F1EEC7100EF566B /* Build configuration list for PBXNativeTarget "AnimationProtocols" */;
			buildPhases = (
				6A1154B21F1EEC7100EF566B /* Sources */,
				6A1154B31F1EEC7100EF566B /* Frameworks */,
				6A1154B41F1EEC7100EF566B /* Resources */,
			);
			buildRules = (
			);
			dependencies = (
			);
			name = AnimationProtocols;
			productName = AnimationProtocols;
			productReference = 6A1154B61F1EEC7100EF566B /* AnimationProtocols.app */;
			productType = "com.apple.product-type.application";
		};
/* End PBXNativeTarget section */

/* Begin PBXProject section */
		6A1154AE1F1EEC7100EF566B /* Project object */ = {
			isa = PBXProject;
			attributes = {
				LastSwiftUpdateCheck = 0830;
				LastUpgradeCheck = 0830;
				ORGANIZATIONNAME = "Timothy Barrett";
				TargetAttributes = {
					6A1154B51F1EEC7100EF566B = {
						CreatedOnToolsVersion = 8.3.3;
						DevelopmentTeam = AQF45K48EJ;
						ProvisioningStyle = Automatic;
					};
				};
			};
			buildConfigurationList = 6A1154B11F1EEC7100EF566B /* Build configuration list for PBXProject "AnimationProtocols" */;
			compatibilityVersion = "Xcode 3.2";
			developmentRegion = English;
			hasScannedForEncodings = 0;
			knownRegions = (
				en,
				Base,
			);
			mainGroup = 6A1154AD1F1EEC7100EF566B;
			productRefGroup = 6A1154B71F1EEC7100EF566B /* Products */;
			projectDirPath = "";
			projectRoot = "";
			targets = (
				6A1154B51F1EEC7100EF566B /* AnimationProtocols */,
			);
		};
/* End PBXProject section */

/* Begin PBXResourcesBuildPhase section */
		6A1154B41F1EEC7100EF566B /* Resources */ = {
			isa = PBXResourcesBuildPhase;
			buildActionMask = 2147483647;
			files = (
				6A1154C41F1EEC7100EF566B /* LaunchScreen.storyboard in Resources */,
				6A1154C11F1EEC7100EF566B /* Assets.xcassets in Resources */,
				6A1154BF1F1EEC7100EF566B /* Main.storyboard in Resources */,
			);
			runOnlyForDeploymentPostprocessing = 0;
		};
/* End PBXResourcesBuildPhase section */

/* Begin PBXSourcesBuildPhase section */
		6A1154B21F1EEC7100EF566B /* Sources */ = {
			isa = PBXSourcesBuildPhase;
			buildActionMask = 2147483647;
			files = (
				6A1154D31F1EF44600EF566B /* CustomButton.swift in Sources */,
				6A1154D61F1EF69500EF566B /* CustomLabel.swift in Sources */,
				6A1154BC1F1EEC7100EF566B /* LoginViewController.swift in Sources */,
				6A1154BA1F1EEC7100EF566B /* AppDelegate.swift in Sources */,
				6A1154DE1F1EFEBA00EF566B /* Flashable.swift in Sources */,
				6A1154D11F1EF41800EF566B /* CustomTextView.swift in Sources */,
				6A1154D81F1EFB2B00EF566B /* Jitterable.swift in Sources */,
			);
			runOnlyForDeploymentPostprocessing = 0;
		};
/* End PBXSourcesBuildPhase section */

/* Begin PBXVariantGroup section */
		6A1154BD1F1EEC7100EF566B /* Main.storyboard */ = {
			isa = PBXVariantGroup;
			children = (
				6A1154BE1F1EEC7100EF566B /* Base */,
			);
			name = Main.storyboard;
			sourceTree = "<group>";
		};
		6A1154C21F1EEC7100EF566B /* LaunchScreen.storyboard */ = {
			isa = PBXVariantGroup;
			children = (
				6A1154C31F1EEC7100EF566B /* Base */,
			);
			name = LaunchScreen.storyboard;
			sourceTree = "<group>";
		};
/* End PBXVariantGroup section */

/* Begin XCBuildConfiguration section */
		6A1154C61F1EEC7100EF566B /* Debug */ = {
			isa = XCBuildConfiguration;
			buildSettings = {
				ALWAYS_SEARCH_USER_PATHS = NO;
				CLANG_ANALYZER_NONNULL = YES;
				CLANG_ANALYZER_NUMBER_OBJECT_CONVERSION = YES_AGGRESSIVE;
				CLANG_CXX_LANGUAGE_STANDARD = "gnu++0x";
				CLANG_CXX_LIBRARY = "libc++";
				CLANG_ENABLE_MODULES = YES;
				CLANG_ENABLE_OBJC_ARC = YES;
				CLANG_WARN_BOOL_CONVERSION = YES;
				CLANG_WARN_CONSTANT_CONVERSION = YES;
				CLANG_WARN_DIRECT_OBJC_ISA_USAGE = YES_ERROR;
				CLANG_WARN_DOCUMENTATION_COMMENTS = YES;
				CLANG_WARN_EMPTY_BODY = YES;
				CLANG_WARN_ENUM_CONVERSION = YES;
				CLANG_WARN_INFINITE_RECURSION = YES;
				CLANG_WARN_INT_CONVERSION = YES;
				CLANG_WARN_OBJC_ROOT_CLASS = YES_ERROR;
				CLANG_WARN_SUSPICIOUS_MOVE = YES;
				CLANG_WARN_UNREACHABLE_CODE = YES;
				CLANG_WARN__DUPLICATE_METHOD_MATCH = YES;
				"CODE_SIGN_IDENTITY[sdk=iphoneos*]" = "iPhone Developer";
				COPY_PHASE_STRIP = NO;
				DEBUG_INFORMATION_FORMAT = dwarf;
				ENABLE_STRICT_OBJC_MSGSEND = YES;
				ENABLE_TESTABILITY = YES;
				GCC_C_LANGUAGE_STANDARD = gnu99;
				GCC_DYNAMIC_NO_PIC = NO;
				GCC_NO_COMMON_BLOCKS = YES;
				GCC_OPTIMIZATION_LEVEL = 0;
				GCC_PREPROCESSOR_DEFINITIONS = (
					"DEBUG=1",
					"$(inherited)",
				);
				GCC_WARN_64_TO_32_BIT_CONVERSION = YES;
				GCC_WARN_ABOUT_RETURN_TYPE = YES_ERROR;
				GCC_WARN_UNDECLARED_SELECTOR = YES;
				GCC_WARN_UNINITIALIZED_AUTOS = YES_AGGRESSIVE;
				GCC_WARN_UNUSED_FUNCTION = YES;
				GCC_WARN_UNUSED_VARIABLE = YES;
				IPHONEOS_DEPLOYMENT_TARGET = 10.3;
				MTL_ENABLE_DEBUG_INFO = YES;
				ONLY_ACTIVE_ARCH = YES;
				SDKROOT = iphoneos;
				SWIFT_ACTIVE_COMPILATION_CONDITIONS = DEBUG;
				SWIFT_OPTIMIZATION_LEVEL = "-Onone";
				TARGETED_DEVICE_FAMILY = "1,2";
			};
			name = Debug;
		};
		6A1154C71F1EEC7100EF566B /* Release */ = {
			isa = XCBuildConfiguration;
			buildSettings = {
				ALWAYS_SEARCH_USER_PATHS = NO;
				CLANG_ANALYZER_NONNULL = YES;
				CLANG_ANALYZER_NUMBER_OBJECT_CONVERSION = YES_AGGRESSIVE;
				CLANG_CXX_LANGUAGE_STANDARD = "gnu++0x";
				CLANG_CXX_LIBRARY = "libc++";
				CLANG_ENABLE_MODULES = YES;
				CLANG_ENABLE_OBJC_ARC = YES;
				CLANG_WARN_BOOL_CONVERSION = YES;
				CLANG_WARN_CONSTANT_CONVERSION = YES;
				CLANG_WARN_DIRECT_OBJC_ISA_USAGE = YES_ERROR;
				CLANG_WARN_DOCUMENTATION_COMMENTS = YES;
				CLANG_WARN_EMPTY_BODY = YES;
				CLANG_WARN_ENUM_CONVERSION = YES;
				CLANG_WARN_INFINITE_RECURSION = YES;
				CLANG_WARN_INT_CONVERSION = YES;
				CLANG_WARN_OBJC_ROOT_CLASS = YES_ERROR;
				CLANG_WARN_SUSPICIOUS_MOVE = YES;
				CLANG_WARN_UNREACHABLE_CODE = YES;
				CLANG_WARN__DUPLICATE_METHOD_MATCH = YES;
				"CODE_SIGN_IDENTITY[sdk=iphoneos*]" = "iPhone Developer";
				COPY_PHASE_STRIP = NO;
				DEBUG_INFORMATION_FORMAT = "dwarf-with-dsym";
				ENABLE_NS_ASSERTIONS = NO;
				ENABLE_STRICT_OBJC_MSGSEND = YES;
				GCC_C_LANGUAGE_STANDARD = gnu99;
				GCC_NO_COMMON_BLOCKS = YES;
				GCC_WARN_64_TO_32_BIT_CONVERSION = YES;
				GCC_WARN_ABOUT_RETURN_TYPE = YES_ERROR;
				GCC_WARN_UNDECLARED_SELECTOR = YES;
				GCC_WARN_UNINITIALIZED_AUTOS = YES_AGGRESSIVE;
				GCC_WARN_UNUSED_FUNCTION = YES;
				GCC_WARN_UNUSED_VARIABLE = YES;
				IPHONEOS_DEPLOYMENT_TARGET = 10.3;
				MTL_ENABLE_DEBUG_INFO = NO;
				SDKROOT = iphoneos;
				SWIFT_OPTIMIZATION_LEVEL = "-Owholemodule";
				TARGETED_DEVICE_FAMILY = "1,2";
				VALIDATE_PRODUCT = YES;
			};
			name = Release;
		};
		6A1154C91F1EEC7100EF566B /* Debug */ = {
			isa = XCBuildConfiguration;
			buildSettings = {
				ASSETCATALOG_COMPILER_APPICON_NAME = AppIcon;
				DEVELOPMENT_TEAM = AQF45K48EJ;
				INFOPLIST_FILE = AnimationProtocols/Info.plist;
				LD_RUNPATH_SEARCH_PATHS = "$(inherited) @executable_path/Frameworks";
				PRODUCT_BUNDLE_IDENTIFIER = com.tim.lee.barrett.jr.AnimationProtocols;
				PRODUCT_NAME = "$(TARGET_NAME)";
				SWIFT_VERSION = 3.0;
			};
			name = Debug;
		};
		6A1154CA1F1EEC7100EF566B /* Release */ = {
			isa = XCBuildConfiguration;
			buildSettings = {
				ASSETCATALOG_COMPILER_APPICON_NAME = AppIcon;
				DEVELOPMENT_TEAM = AQF45K48EJ;
				INFOPLIST_FILE = AnimationProtocols/Info.plist;
				LD_RUNPATH_SEARCH_PATHS = "$(inherited) @executable_path/Frameworks";
				PRODUCT_BUNDLE_IDENTIFIER = com.tim.lee.barrett.jr.AnimationProtocols;
				PRODUCT_NAME = "$(TARGET_NAME)";
				SWIFT_VERSION = 3.0;
			};
			name = Release;
		};
/* End XCBuildConfiguration section */

/* Begin XCConfigurationList section */
		6A1154B11F1EEC7100EF566B /* Build configuration list for PBXProject "AnimationProtocols" */ = {
			isa = XCConfigurationList;
			buildConfigurations = (
				6A1154C61F1EEC7100EF566B /* Debug */,
				6A1154C71F1EEC7100EF566B /* Release */,
			);
			defaultConfigurationIsVisible = 0;
			defaultConfigurationName = Release;
		};
		6A1154C81F1EEC7100EF566B /* Build configuration list for PBXNativeTarget "AnimationProtocols" */ = {
			isa = XCConfigurationList;
			buildConfigurations = (
				6A1154C91F1EEC7100EF566B /* Debug */,
				6A1154CA1F1EEC7100EF566B /* Release */,
			);
			defaultConfigurationIsVisible = 0;
		};
/* End XCConfigurationList section */
	};
	rootObject = 6A1154AE1F1EEC7100EF566B /* Project object */;
}
